
Microsoft Visual Studio Solution File, Format Version 12.00
# Visual Studio Version 17
VisualStudioVersion = 17.2.32630.192
MinimumVisualStudioVersion = 10.0.40219.1
Project("{FAE04EC0-301F-11D3-BF4B-00C04F79EFBC}") = "BattleShipAPI", "BattleShipAPI.csproj", "{1C4FB6B1-1ED2-48CF-BDF7-BFEF830326CB}"
EndProject
Global
	GlobalSection(SolutionConfigurationPlatforms) = preSolution
		Debug|Any CPU = Debug|Any CPU
		Release|Any CPU = Release|Any CPU
	EndGlobalSection
	GlobalSection(ProjectConfigurationPlatforms) = postSolution
		{1C4FB6B1-1ED2-48CF-BDF7-BFEF830326CB}.Debug|Any CPU.ActiveCfg = Debug|Any CPU
		{1C4FB6B1-1ED2-48CF-BDF7-BFEF830326CB}.Debug|Any CPU.Build.0 = Debug|Any CPU
		{1C4FB6B1-1ED2-48CF-BDF7-BFEF830326CB}.Release|Any CPU.ActiveCfg = Release|Any CPU
		{1C4FB6B1-1ED2-48CF-BDF7-BFEF830326CB}.Release|Any CPU.Build.0 = Release|Any CPU
	EndGlobalSection
	GlobalSection(SolutionProperties) = preSolution
		HideSolutionNode = FALSE
	EndGlobalSection
	GlobalSection(ExtensibilityGlobals) = postSolution
		SolutionGuid = {65BDCD82-0C93-4EC7-ABB6-30C2F0711B53}
	EndGlobalSection
EndGlobal
